# This file is autogenerated, do not edit; changes may be undone by the next 'dep ensure'.


[[projects]]
  name = "github.com/nbari/violetear"
  packages = ["."]
  revision = "5c7cdfea6d629c4fa5c4fafe2fe27f53b5cb0254"
  version = "5.0.1"

[solve-meta]
  analyzer-name = "dep"
  analyzer-version = 1
  inputs-digest = "5ff8436c4d2f536a6516d7e67b7e7ce51c13854f00e0a1502d26ac3eb6c2329f"
  solver-name = "gps-cdcl"
  solver-version = 1
